{
    "318e9d5e258682b756fdc3fb7603ea68201f8be4": "380f938bf2170356e75a1277d5ee60e0deead48c",
    "": "eb1d298193fe45ac83a7b89ed3090304f62e6f0c",
    "34489eb47da0547d2889e44430f2cf71c0f39885": "83c342035243224bc74adca79d022f5d08f63dcb",
    "49f738028b92113f7c9c7ac5b9c44cd461636f7e": "a3125ba5c28251088d43fee8f7f6d6946707192d",
    "2b0b4b07c74780e99715e7e615a9b4a92173ec83": "553878dba4bd09193935f3f68215ae1b15a3a439"
}